{
  "name": "chatapp",
  "version": "1.0.0",
  "lockfileVersion": 1,
  "requires": true,
  "dependencies": {
    "@uirouter/angularjs": {
      "version": "1.0.22",
      "resolved": "https://registry.npmjs.org/@uirouter/angularjs/-/angularjs-1.0.22.tgz",
      "integrity": "sha512-d0SvdbXAav+Z6gCJd7gmn2eXEUtO3RvYcSLwtPaE8+7QiWHpSKNfGdD4D3noXhO2yUTz/AwaxsiRFMCwgVI0UQ==",
      "requires": {
        "@uirouter/core": "5.0.23"
      }
    },
    "@uirouter/core": {
      "version": "5.0.23",
      "resolved": "https://registry.npmjs.org/@uirouter/core/-/core-5.0.23.tgz",
      "integrity": "sha512-rwFOH++z/KY8y+h0IOpQ5uC8Nim6E0EBCQrIjhVCr+XKYXgpK+VdtuOLFdogvbJ3AAi5Z7ei00qdEr7Did5CAg=="
    },
    "angular": {
      "version": "1.7.8",
      "resolved": "https://registry.npmjs.org/angular/-/angular-1.7.8.tgz",
      "integrity": "sha512-wtef/y4COxM7ZVhddd7JtAAhyYObq9YXKar9tsW7558BImeVYteJiTxCKeJOL45lJ/+7B4wrAC49j8gTFYEthg=="
    },
    "angular-animate": {
      "version": "1.7.8",
      "resolved": "https://registry.npmjs.org/angular-animate/-/angular-animate-1.7.8.tgz",
      "integrity": "sha512-bINtzizq7TbJzfVrDpwLfTxVl0Qd7fRNWFb5jKYI1vaFZobQNX/QONXlLow6ySsDbZ6eLECycB7mvWtfh1YYaw=="
    },
    "angular-cookies": {
      "version": "1.7.8",
      "resolved": "https://registry.npmjs.org/angular-cookies/-/angular-cookies-1.7.8.tgz",
      "integrity": "sha512-oS2X8XLYyLrwSBUKmcGkHxphwTtAEdi3eriSwMX/WUl5D6fRZ4EcBY4DaHN+tYDnzJ1i2lFa82/oq0kTKxZmyg=="
    },
    "angular-toastr": {
      "version": "2.1.1",
      "resolved": "https://registry.npmjs.org/angular-toastr/-/angular-toastr-2.1.1.tgz",
      "integrity": "sha1-n4NQykghRaRNARp1W4+zYj1gVEw="
    },
    "bootstrap3": {
      "version": "3.3.5",
      "resolved": "https://registry.npmjs.org/bootstrap3/-/bootstrap3-3.3.5.tgz",
      "integrity": "sha1-SWpO9sCHIU+paDgZbWDeZF6CWRo="
    },
    "jquery": {
      "version": "3.4.1",
      "resolved": "https://registry.npmjs.org/jquery/-/jquery-3.4.1.tgz",
      "integrity": "sha512-36+AdBzCL+y6qjw5Tx7HgzeGCzC81MDDgaUP8ld2zhx58HdqXGoBd+tHdrBMiyjGQs0Hxs/MLZTu/eHNJJuWPw=="
    }
  }
}
